
Microsoft Visual Studio Solution File, Format Version 12.00
# Visual Studio Version 17
VisualStudioVersion = 17.0.31919.166
MinimumVisualStudioVersion = 10.0.40219.1
Project("{FAE04EC0-301F-11D3-BF4B-00C04F79EFBC}") = "Semestr1_Lekcja3_2023", "Semestr1_Lekcja3_2023\Semestr1_Lekcja3_2023.csproj", "{DD097AC3-E1BD-434C-9106-88D34EB5A555}"
EndProject
Global
	GlobalSection(SolutionConfigurationPlatforms) = preSolution
		Debug|Any CPU = Debug|Any CPU
		Release|Any CPU = Release|Any CPU
	EndGlobalSection
	GlobalSection(ProjectConfigurationPlatforms) = postSolution
		{DD097AC3-E1BD-434C-9106-88D34EB5A555}.Debug|Any CPU.ActiveCfg = Debug|Any CPU
		{DD097AC3-E1BD-434C-9106-88D34EB5A555}.Debug|Any CPU.Build.0 = Debug|Any CPU
		{DD097AC3-E1BD-434C-9106-88D34EB5A555}.Release|Any CPU.ActiveCfg = Release|Any CPU
		{DD097AC3-E1BD-434C-9106-88D34EB5A555}.Release|Any CPU.Build.0 = Release|Any CPU
	EndGlobalSection
	GlobalSection(SolutionProperties) = preSolution
		HideSolutionNode = FALSE
	EndGlobalSection
	GlobalSection(ExtensibilityGlobals) = postSolution
		SolutionGuid = {E07C94BB-94FD-436F-822A-2F13FAEBE403}
	EndGlobalSection
EndGlobal
